{
  "name": "ts-diff-repo",
  "version": "1.0.0",
  "lockfileVersion": 2,
  "requires": true,
  "packages": {
    "": {
      "name": "ts-diff-repo",
      "version": "1.0.0",
      "license": "ISC",
      "dependencies": {
        "ts-diff-common": "^1.0.0"
      }
    },
    "node_modules/ts-diff-common": {
      "version": "1.0.0",
      "resolved": "https://registry.npmjs.org/ts-diff-common/-/ts-diff-common-1.0.0.tgz",
      "integrity": "sha512-/b9j0xhsOwsN8+elkKF8AVq6u9ORr/iTUEJqrbRM7mGpNHD8dyNAyPXIvcgbeJkdSEGXBwh+zcMM30aRDB07GQ=="
    }
  },
  "dependencies": {
    "ts-diff-common": {
      "version": "1.0.0",
      "resolved": "https://registry.npmjs.org/ts-diff-common/-/ts-diff-common-1.0.0.tgz",
      "integrity": "sha512-/b9j0xhsOwsN8+elkKF8AVq6u9ORr/iTUEJqrbRM7mGpNHD8dyNAyPXIvcgbeJkdSEGXBwh+zcMM30aRDB07GQ=="
    }
  }
}
